
Microsoft Visual Studio Solution File, Format Version 12.00
# Visual Studio Version 16
VisualStudioVersion = 16.0.29326.143
MinimumVisualStudioVersion = 10.0.40219.1
Project("{FAE04EC0-301F-11D3-BF4B-00C04F79EFBC}") = "Composição exercício resolvido", "Composição exercício resolvido\Composição exercício resolvido.csproj", "{BD2645C7-8ABE-4C56-A25C-82F6E7A5B965}"
EndProject
Global
	GlobalSection(SolutionConfigurationPlatforms) = preSolution
		Debug|Any CPU = Debug|Any CPU
		Release|Any CPU = Release|Any CPU
	EndGlobalSection
	GlobalSection(ProjectConfigurationPlatforms) = postSolution
		{BD2645C7-8ABE-4C56-A25C-82F6E7A5B965}.Debug|Any CPU.ActiveCfg = Debug|Any CPU
		{BD2645C7-8ABE-4C56-A25C-82F6E7A5B965}.Debug|Any CPU.Build.0 = Debug|Any CPU
		{BD2645C7-8ABE-4C56-A25C-82F6E7A5B965}.Release|Any CPU.ActiveCfg = Release|Any CPU
		{BD2645C7-8ABE-4C56-A25C-82F6E7A5B965}.Release|Any CPU.Build.0 = Release|Any CPU
	EndGlobalSection
	GlobalSection(SolutionProperties) = preSolution
		HideSolutionNode = FALSE
	EndGlobalSection
	GlobalSection(ExtensibilityGlobals) = postSolution
		SolutionGuid = {C17CF12B-3553-49C7-AD85-604DF0742870}
	EndGlobalSection
EndGlobal
